// !$*UTF8*$!
{
	archiveVersion = 1;
	classes = {
	};
	objectVersion = 50;
	objects = {

/* Begin PBXBuildFile section */
		21D7902723B054760078D638 /* AppDelegate.swift in Sources */ = {isa = PBXBuildFile; fileRef = 21D7902623B054760078D638 /* AppDelegate.swift */; };
		21D7902923B054760078D638 /* SceneDelegate.swift in Sources */ = {isa = PBXBuildFile; fileRef = 21D7902823B054760078D638 /* SceneDelegate.swift */; };
		21D7902B23B054760078D638 /* ViewController.swift in Sources */ = {isa = PBXBuildFile; fileRef = 21D7902A23B054760078D638 /* ViewController.swift */; };
		21D7902E23B054760078D638 /* Main.storyboard in Resources */ = {isa = PBXBuildFile; fileRef = 21D7902C23B054760078D638 /* Main.storyboard */; };
		21D7903023B0547A0078D638 /* Assets.xcassets in Resources */ = {isa = PBXBuildFile; fileRef = 21D7902F23B0547A0078D638 /* Assets.xcassets */; };
		21D7903323B0547B0078D638 /* LaunchScreen.storyboard in Resources */ = {isa = PBXBuildFile; fileRef = 21D7903123B0547B0078D638 /* LaunchScreen.storyboard */; };
		21D7903B23B0551C0078D638 /* GoogleService-Info.plist in Resources */ = {isa = PBXBuildFile; fileRef = 21D7903A23B0551C0078D638 /* GoogleService-Info.plist */; };
		DC6A973BF80943514A8E9B25 /* Pods_JChat.framework in Frameworks */ = {isa = PBXBuildFile; fileRef = 1CC3BF43B50790E25D2FB560 /* Pods_JChat.framework */; };
/* End PBXBuildFile section */

/* Begin PBXFileReference section */
		1CC3BF43B50790E25D2FB560 /* Pods_JChat.framework */ = {isa = PBXFileReference; explicitFileType = wrapper.framework; includeInIndex = 0; path = Pods_JChat.framework; sourceTree = BUILT_PRODUCTS_DIR; };
		21D7902323B054760078D638 /* JChat.app */ = {isa = PBXFileReference; explicitFileType = wrapper.application; includeInIndex = 0; path = JChat.app; sourceTree = BUILT_PRODUCTS_DIR; };
		21D7902623B054760078D638 /* AppDelegate.swift */ = {isa = PBXFileReference; lastKnownFileType = sourcecode.swift; path = AppDelegate.swift; sourceTree = "<group>"; };
		21D7902823B054760078D638 /* SceneDelegate.swift */ = {isa = PBXFileReference; lastKnownFileType = sourcecode.swift; path = SceneDelegate.swift; sourceTree = "<group>"; };
		21D7902A23B054760078D638 /* ViewController.swift */ = {isa = PBXFileReference; lastKnownFileType = sourcecode.swift; path = ViewController.swift; sourceTree = "<group>"; };
		21D7902D23B054760078D638 /* Base */ = {isa = PBXFileReference; lastKnownFileType = file.storyboard; name = Base; path = Base.lproj/Main.storyboard; sourceTree = "<group>"; };
		21D7902F23B0547A0078D638 /* Assets.xcassets */ = {isa = PBXFileReference; lastKnownFileType = folder.assetcatalog; path = Assets.xcassets; sourceTree = "<group>"; };
		21D7903223B0547B0078D638 /* Base */ = {isa = PBXFileReference; lastKnownFileType = file.storyboard; name = Base; path = Base.lproj/LaunchScreen.storyboard; sourceTree = "<group>"; };
		21D7903423B0547B0078D638 /* Info.plist */ = {isa = PBXFileReference; lastKnownFileType = text.plist.xml; path = Info.plist; sourceTree = "<group>"; };
		21D7903A23B0551C0078D638 /* GoogleService-Info.plist */ = {isa = PBXFileReference; fileEncoding = 4; lastKnownFileType = text.plist.xml; path = "GoogleService-Info.plist"; sourceTree = "<group>"; };
		67E6357357878053A73017F2 /* Pods-JChat.debug.xcconfig */ = {isa = PBXFileReference; includeInIndex = 1; lastKnownFileType = text.xcconfig; name = "Pods-JChat.debug.xcconfig"; path = "Target Support Files/Pods-JChat/Pods-JChat.debug.xcconfig"; sourceTree = "<group>"; };
		E1CA4927ECA53B49E7326CA7 /* Pods-JChat.release.xcconfig */ = {isa = PBXFileReference; includeInIndex = 1; lastKnownFileType = text.xcconfig; name = "Pods-JChat.release.xcconfig"; path = "Target Support Files/Pods-JChat/Pods-JChat.release.xcconfig"; sourceTree = "<group>"; };
/* End PBXFileReference section */

/* Begin PBXFrameworksBuildPhase section */
		21D7902023B054760078D638 /* Frameworks */ = {
			isa = PBXFrameworksBuildPhase;
			buildActionMask = 2147483647;
			files = (
				DC6A973BF80943514A8E9B25 /* Pods_JChat.framework in Frameworks */,
			);
			runOnlyForDeploymentPostprocessing = 0;
		};
/* End PBXFrameworksBuildPhase section */

/* Begin PBXGroup section */
		1FE65E19AF08BD084C84E5DE /* Frameworks */ = {
			isa = PBXGroup;
			children = (
				1CC3BF43B50790E25D2FB560 /* Pods_JChat.framework */,
			);
			name = Frameworks;
			sourceTree = "<group>";
		};
		21D7901A23B054750078D638 = {
			isa = PBXGroup;
			children = (
				21D7902523B054760078D638 /* JChat */,
				21D7902423B054760078D638 /* Products */,
				D5D21DEA89827D7DE99527D5 /* Pods */,
				1FE65E19AF08BD084C84E5DE /* Frameworks */,
			);
			sourceTree = "<group>";
		};
		21D7902423B054760078D638 /* Products */ = {
			isa = PBXGroup;
			children = (
				21D7902323B054760078D638 /* JChat.app */,
			);
			name = Products;
			sourceTree = "<group>";
		};
		21D7902523B054760078D638 /* JChat */ = {
			isa = PBXGroup;
			children = (
				21D7902623B054760078D638 /* AppDelegate.swift */,
				21D7902823B054760078D638 /* SceneDelegate.swift */,
				21D7902A23B054760078D638 /* ViewController.swift */,
				21D7902C23B054760078D638 /* Main.storyboard */,
				21D7902F23B0547A0078D638 /* Assets.xcassets */,
				21D7903123B0547B0078D638 /* LaunchScreen.storyboard */,
				21D7903A23B0551C0078D638 /* GoogleService-Info.plist */,
				21D7903423B0547B0078D638 /* Info.plist */,
			);
			path = JChat;
			sourceTree = "<group>";
		};
		D5D21DEA89827D7DE99527D5 /* Pods */ = {
			isa = PBXGroup;
			children = (
				67E6357357878053A73017F2 /* Pods-JChat.debug.xcconfig */,
				E1CA4927ECA53B49E7326CA7 /* Pods-JChat.release.xcconfig */,
			);
			name = Pods;
			path = Pods;
			sourceTree = "<group>";
		};
/* End PBXGroup section */

/* Begin PBXNativeTarget section */
		21D7902223B054760078D638 /* JChat */ = {
			isa = PBXNativeTarget;
			buildConfigurationList = 21D7903723B0547B0078D638 /* Build configuration list for PBXNativeTarget "JChat" */;
			buildPhases = (
				D3D050325B6CDC889D391458 /* [CP] Check Pods Manifest.lock */,
				21D7901F23B054760078D638 /* Sources */,
				21D7902023B054760078D638 /* Frameworks */,
				21D7902123B054760078D638 /* Resources */,
				9D5D08D3032C2A067A1CA938 /* [CP] Embed Pods Frameworks */,
			);
			buildRules = (
			);
			dependencies = (
			);
			name = JChat;
			productName = JChat;
			productReference = 21D7902323B054760078D638 /* JChat.app */;
			productType = "com.apple.product-type.application";
		};
/* End PBXNativeTarget section */

/* Begin PBXProject section */
		21D7901B23B054750078D638 /* Project object */ = {
			isa = PBXProject;
			attributes = {
				LastSwiftUpdateCheck = 1130;
				LastUpgradeCheck = 1130;
				ORGANIZATIONNAME = Van;
				TargetAttributes = {
					21D7902223B054760078D638 = {
						CreatedOnToolsVersion = 11.3;
					};
				};
			};
			buildConfigurationList = 21D7901E23B054750078D638 /* Build configuration list for PBXProject "JChat" */;
			compatibilityVersion = "Xcode 9.3";
			developmentRegion = en;
			hasScannedForEncodings = 0;
			knownRegions = (
				en,
				Base,
			);
			mainGroup = 21D7901A23B054750078D638;
			productRefGroup = 21D7902423B054760078D638 /* Products */;
			projectDirPath = "";
			projectRoot = "";
			targets = (
				21D7902223B054760078D638 /* JChat */,
			);
		};
/* End PBXProject section */

/* Begin PBXResourcesBuildPhase section */
		21D7902123B054760078D638 /* Resources */ = {
			isa = PBXResourcesBuildPhase;
			buildActionMask = 2147483647;
			files = (
				21D7903323B0547B0078D638 /* LaunchScreen.storyboard in Resources */,
				21D7903B23B0551C0078D638 /* GoogleService-Info.plist in Resources */,
				21D7903023B0547A0078D638 /* Assets.xcassets in Resources */,
				21D7902E23B054760078D638 /* Main.storyboard in Resources */,
			);
			runOnlyForDeploymentPostprocessing = 0;
		};
/* End PBXResourcesBuildPhase section */

/* Begin PBXShellScriptBuildPhase section */
		9D5D08D3032C2A067A1CA938 /* [CP] Embed Pods Frameworks */ = {
			isa = PBXShellScriptBuildPhase;
			buildActionMask = 2147483647;
			files = (
			);
			inputFileListPaths = (
				"${PODS_ROOT}/Target Support Files/Pods-JChat/Pods-JChat-frameworks-${CONFIGURATION}-input-files.xcfilelist",
			);
			name = "[CP] Embed Pods Frameworks";
			outputFileListPaths = (
				"${PODS_ROOT}/Target Support Files/Pods-JChat/Pods-JChat-frameworks-${CONFIGURATION}-output-files.xcfilelist",
			);
			runOnlyForDeploymentPostprocessing = 0;
			shellPath = /bin/sh;
			shellScript = "\"${PODS_ROOT}/Target Support Files/Pods-JChat/Pods-JChat-frameworks.sh\"\n";
			showEnvVarsInLog = 0;
		};
		D3D050325B6CDC889D391458 /* [CP] Check Pods Manifest.lock */ = {
			isa = PBXShellScriptBuildPhase;
			buildActionMask = 2147483647;
			files = (
			);
			inputFileListPaths = (
			);
			inputPaths = (
				"${PODS_PODFILE_DIR_PATH}/Podfile.lock",
				"${PODS_ROOT}/Manifest.lock",
			);
			name = "[CP] Check Pods Manifest.lock";
			outputFileListPaths = (
			);
			outputPaths = (
				"$(DERIVED_FILE_DIR)/Pods-JChat-checkManifestLockResult.txt",
			);
			runOnlyForDeploymentPostprocessing = 0;
			shellPath = /bin/sh;
			shellScript = "diff \"${PODS_PODFILE_DIR_PATH}/Podfile.lock\" \"${PODS_ROOT}/Manifest.lock\" > /dev/null\nif [ $? != 0 ] ; then\n    # print error to STDERR\n    echo \"error: The sandbox is not in sync with the Podfile.lock. Run 'pod install' or update your CocoaPods installation.\" >&2\n    exit 1\nfi\n# This output is used by Xcode 'outputs' to avoid re-running this script phase.\necho \"SUCCESS\" > \"${SCRIPT_OUTPUT_FILE_0}\"\n";
			showEnvVarsInLog = 0;
		};
/* End PBXShellScriptBuildPhase section */

/* Begin PBXSourcesBuildPhase section */
		21D7901F23B054760078D638 /* Sources */ = {
			isa = PBXSourcesBuildPhase;
			buildActionMask = 2147483647;
			files = (
				21D7902B23B054760078D638 /* ViewController.swift in Sources */,
				21D7902723B054760078D638 /* AppDelegate.swift in Sources */,
				21D7902923B054760078D638 /* SceneDelegate.swift in Sources */,
			);
			runOnlyForDeploymentPostprocessing = 0;
		};
/* End PBXSourcesBuildPhase section */

/* Begin PBXVariantGroup section */
		21D7902C23B054760078D638 /* Main.storyboard */ = {
			isa = PBXVariantGroup;
			children = (
				21D7902D23B054760078D638 /* Base */,
			);
			name = Main.storyboard;
			sourceTree = "<group>";
		};
		21D7903123B0547B0078D638 /* LaunchScreen.storyboard */ = {
			isa = PBXVariantGroup;
			children = (
				21D7903223B0547B0078D638 /* Base */,
			);
			name = LaunchScreen.storyboard;
			sourceTree = "<group>";
		};
/* End PBXVariantGroup section */

/* Begin XCBuildConfiguration section */
		21D7903523B0547B0078D638 /* Debug */ = {
			isa = XCBuildConfiguration;
			buildSettings = {
				ALWAYS_SEARCH_USER_PATHS = NO;
				CLANG_ANALYZER_NONNULL = YES;
				CLANG_ANALYZER_NUMBER_OBJECT_CONVERSION = YES_AGGRESSIVE;
				CLANG_CXX_LANGUAGE_STANDARD = "gnu++14";
				CLANG_CXX_LIBRARY = "libc++";
				CLANG_ENABLE_MODULES = YES;
				CLANG_ENABLE_OBJC_ARC = YES;
				CLANG_ENABLE_OBJC_WEAK = YES;
				CLANG_WARN_BLOCK_CAPTURE_AUTORELEASING = YES;
				CLANG_WARN_BOOL_CONVERSION = YES;
				CLANG_WARN_COMMA = YES;
				CLANG_WARN_CONSTANT_CONVERSION = YES;
				CLANG_WARN_DEPRECATED_OBJC_IMPLEMENTATIONS = YES;
				CLANG_WARN_DIRECT_OBJC_ISA_USAGE = YES_ERROR;
				CLANG_WARN_DOCUMENTATION_COMMENTS = YES;
				CLANG_WARN_EMPTY_BODY = YES;
				CLANG_WARN_ENUM_CONVERSION = YES;
				CLANG_WARN_INFINITE_RECURSION = YES;
				CLANG_WARN_INT_CONVERSION = YES;
				CLANG_WARN_NON_LITERAL_NULL_CONVERSION = YES;
				CLANG_WARN_OBJC_IMPLICIT_RETAIN_SELF = YES;
				CLANG_WARN_OBJC_LITERAL_CONVERSION = YES;
				CLANG_WARN_OBJC_ROOT_CLASS = YES_ERROR;
				CLANG_WARN_RANGE_LOOP_ANALYSIS = YES;
				CLANG_WARN_STRICT_PROTOTYPES = YES;
				CLANG_WARN_SUSPICIOUS_MOVE = YES;
				CLANG_WARN_UNGUARDED_AVAILABILITY = YES_AGGRESSIVE;
				CLANG_WARN_UNREACHABLE_CODE = YES;
				CLANG_WARN__DUPLICATE_METHOD_MATCH = YES;
				COPY_PHASE_STRIP = NO;
				DEBUG_INFORMATION_FORMAT = dwarf;
				ENABLE_STRICT_OBJC_MSGSEND = YES;
				ENABLE_TESTABILITY = YES;
				GCC_C_LANGUAGE_STANDARD = gnu11;
				GCC_DYNAMIC_NO_PIC = NO;
				GCC_NO_COMMON_BLOCKS = YES;
				GCC_OPTIMIZATION_LEVEL = 0;
				GCC_PREPROCESSOR_DEFINITIONS = (
					"DEBUG=1",
					"$(inherited)",
				);
				GCC_WARN_64_TO_32_BIT_CONVERSION = YES;
				GCC_WARN_ABOUT_RETURN_TYPE = YES_ERROR;
				GCC_WARN_UNDECLARED_SELECTOR = YES;
				GCC_WARN_UNINITIALIZED_AUTOS = YES_AGGRESSIVE;
				GCC_WARN_UNUSED_FUNCTION = YES;
				GCC_WARN_UNUSED_VARIABLE = YES;
				IPHONEOS_DEPLOYMENT_TARGET = 13.2;
				MTL_ENABLE_DEBUG_INFO = INCLUDE_SOURCE;
				MTL_FAST_MATH = YES;
				ONLY_ACTIVE_ARCH = YES;
				SDKROOT = iphoneos;
				SWIFT_ACTIVE_COMPILATION_CONDITIONS = DEBUG;
				SWIFT_OPTIMIZATION_LEVEL = "-Onone";
			};
			name = Debug;
		};
		21D7903623B0547B0078D638 /* Release */ = {
			isa = XCBuildConfiguration;
			buildSettings = {
				ALWAYS_SEARCH_USER_PATHS = NO;
				CLANG_ANALYZER_NONNULL = YES;
				CLANG_ANALYZER_NUMBER_OBJECT_CONVERSION = YES_AGGRESSIVE;
				CLANG_CXX_LANGUAGE_STANDARD = "gnu++14";
				CLANG_CXX_LIBRARY = "libc++";
				CLANG_ENABLE_MODULES = YES;
				CLANG_ENABLE_OBJC_ARC = YES;
				CLANG_ENABLE_OBJC_WEAK = YES;
				CLANG_WARN_BLOCK_CAPTURE_AUTORELEASING = YES;
				CLANG_WARN_BOOL_CONVERSION = YES;
				CLANG_WARN_COMMA = YES;
				CLANG_WARN_CONSTANT_CONVERSION = YES;
				CLANG_WARN_DEPRECATED_OBJC_IMPLEMENTATIONS = YES;
				CLANG_WARN_DIRECT_OBJC_ISA_USAGE = YES_ERROR;
				CLANG_WARN_DOCUMENTATION_COMMENTS = YES;
				CLANG_WARN_EMPTY_BODY = YES;
				CLANG_WARN_ENUM_CONVERSION = YES;
				CLANG_WARN_INFINITE_RECURSION = YES;
				CLANG_WARN_INT_CONVERSION = YES;
				CLANG_WARN_NON_LITERAL_NULL_CONVERSION = YES;
				CLANG_WARN_OBJC_IMPLICIT_RETAIN_SELF = YES;
				CLANG_WARN_OBJC_LITERAL_CONVERSION = YES;
				CLANG_WARN_OBJC_ROOT_CLASS = YES_ERROR;
				CLANG_WARN_RANGE_LOOP_ANALYSIS = YES;
				CLANG_WARN_STRICT_PROTOTYPES = YES;
				CLANG_WARN_SUSPICIOUS_MOVE = YES;
				CLANG_WARN_UNGUARDED_AVAILABILITY = YES_AGGRESSIVE;
				CLANG_WARN_UNREACHABLE_CODE = YES;
				CLANG_WARN__DUPLICATE_METHOD_MATCH = YES;
				COPY_PHASE_STRIP = NO;
				DEBUG_INFORMATION_FORMAT = "dwarf-with-dsym";
				ENABLE_NS_ASSERTIONS = NO;
				ENABLE_STRICT_OBJC_MSGSEND = YES;
				GCC_C_LANGUAGE_STANDARD = gnu11;
				GCC_NO_COMMON_BLOCKS = YES;
				GCC_WARN_64_TO_32_BIT_CONVERSION = YES;
				GCC_WARN_ABOUT_RETURN_TYPE = YES_ERROR;
				GCC_WARN_UNDECLARED_SELECTOR = YES;
				GCC_WARN_UNINITIALIZED_AUTOS = YES_AGGRESSIVE;
				GCC_WARN_UNUSED_FUNCTION = YES;
				GCC_WARN_UNUSED_VARIABLE = YES;
				IPHONEOS_DEPLOYMENT_TARGET = 13.2;
				MTL_ENABLE_DEBUG_INFO = NO;
				MTL_FAST_MATH = YES;
				SDKROOT = iphoneos;
				SWIFT_COMPILATION_MODE = wholemodule;
				SWIFT_OPTIMIZATION_LEVEL = "-O";
				VALIDATE_PRODUCT = YES;
			};
			name = Release;
		};
		21D7903823B0547B0078D638 /* Debug */ = {
			isa = XCBuildConfiguration;
			baseConfigurationReference = 67E6357357878053A73017F2 /* Pods-JChat.debug.xcconfig */;
			buildSettings = {
				ASSETCATALOG_COMPILER_APPICON_NAME = AppIcon;
				CODE_SIGN_STYLE = Automatic;
				DEVELOPMENT_TEAM = MP7L6V66M7;
				INFOPLIST_FILE = JChat/Info.plist;
				LD_RUNPATH_SEARCH_PATHS = (
					"$(inherited)",
					"@executable_path/Frameworks",
				);
				PRODUCT_BUNDLE_IDENTIFIER = com.jetart.JChat;
				PRODUCT_NAME = "$(TARGET_NAME)";
				SWIFT_VERSION = 5.0;
				TARGETED_DEVICE_FAMILY = "1,2";
			};
			name = Debug;
		};
		21D7903923B0547B0078D638 /* Release */ = {
			isa = XCBuildConfiguration;
			baseConfigurationReference = E1CA4927ECA53B49E7326CA7 /* Pods-JChat.release.xcconfig */;
			buildSettings = {
				ASSETCATALOG_COMPILER_APPICON_NAME = AppIcon;
				CODE_SIGN_STYLE = Automatic;
				DEVELOPMENT_TEAM = MP7L6V66M7;
				INFOPLIST_FILE = JChat/Info.plist;
				LD_RUNPATH_SEARCH_PATHS = (
					"$(inherited)",
					"@executable_path/Frameworks",
				);
				PRODUCT_BUNDLE_IDENTIFIER = com.jetart.JChat;
				PRODUCT_NAME = "$(TARGET_NAME)";
				SWIFT_VERSION = 5.0;
				TARGETED_DEVICE_FAMILY = "1,2";
			};
			name = Release;
		};
/* End XCBuildConfiguration section */

/* Begin XCConfigurationList section */
		21D7901E23B054750078D638 /* Build configuration list for PBXProject "JChat" */ = {
			isa = XCConfigurationList;
			buildConfigurations = (
				21D7903523B0547B0078D638 /* Debug */,
				21D7903623B0547B0078D638 /* Release */,
			);
			defaultConfigurationIsVisible = 0;
			defaultConfigurationName = Release;
		};
		21D7903723B0547B0078D638 /* Build configuration list for PBXNativeTarget "JChat" */ = {
			isa = XCConfigurationList;
			buildConfigurations = (
				21D7903823B0547B0078D638 /* Debug */,
				21D7903923B0547B0078D638 /* Release */,
			);
			defaultConfigurationIsVisible = 0;
			defaultConfigurationName = Release;
		};
/* End XCConfigurationList section */
	};
	rootObject = 21D7901B23B054750078D638 /* Project object */;
}
